{
  "originHash" : "cf341b4f81625a658e0d4bca56d5f9439cde13cfba388bb1cab371aa2fb679c0",
  "pins" : [
    {
      "identity" : "fitfileparser",
      "kind" : "remoteSourceControl",
      "location" : "https://github.com/roznet/FitFileParser.git",
      "state" : {
        "revision" : "afcdf1677d89819f305f7714bb3b6a18dca05cc6",
        "version" : "1.5.2"
      }
    }
  ],
  "version" : 3
}
