// !$*UTF8*$!
{
	archiveVersion = 1;
	classes = {
	};
	objectVersion = 77;
	objects = {

/* Begin PBXBuildFile section */
		01166A02C83230DF205DB8F5 /* 2026-07-23_polarSense_run.FIT in Resources */ = {isa = PBXBuildFile; fileRef = 54456847988A8C60D82F62C0 /* 2026-07-23_polarSense_run.FIT */; };
		014F5A79ACF9EFEB6D776891 /* StatTile.swift in Sources */ = {isa = PBXBuildFile; fileRef = E3C03519E7F1FC369F1841A6 /* StatTile.swift */; };
		072F3611544817D7C56543A6 /* AgreementLevel+Color.swift in Sources */ = {isa = PBXBuildFile; fileRef = D839FE4884EC0F8F0B7800EB /* AgreementLevel+Color.swift */; };
		09865599844A60EC062CF51A /* 2026-07-30_polarSense_run.FIT in Resources */ = {isa = PBXBuildFile; fileRef = 9FE1EC3D7F94B126B73BE2E1 /* 2026-07-30_polarSense_run.FIT */; };
		09946B9BA6023FDD595C9C68 /* 2026-07-25_polarSense_run.FIT in Resources */ = {isa = PBXBuildFile; fileRef = 779BABD2110CD3A866AFA300 /* 2026-07-25_polarSense_run.FIT */; };
		0A008DA3F50D885D7F5DDEDE /* 2026-07-24_polarSense_run.FIT in Resources */ = {isa = PBXBuildFile; fileRef = 8859262FEC42410701049FEF /* 2026-07-24_polarSense_run.FIT */; };
		0A476D14854D15AD7C1DCBC5 /* PolarAccessLinkSource.swift in Sources */ = {isa = PBXBuildFile; fileRef = CB8D79FCEBD931E6CD8704D0 /* PolarAccessLinkSource.swift */; };
		0F94CD109B3B7CE55CF4308D /* SessionDetailPreviewFixture.swift in Sources */ = {isa = PBXBuildFile; fileRef = 746597FD90593E4915FD43D2 /* SessionDetailPreviewFixture.swift */; };
		1138B22A54FF8408A8AC1F69 /* FitViewCore in Frameworks */ = {isa = PBXBuildFile; productRef = C53564CABEE0EF227C839435 /* FitViewCore */; };
		11DB0904DA81C2499F8F503F /* 2026-07-28_pace4_run.fit in Resources */ = {isa = PBXBuildFile; fileRef = 5C72779773F5AD733A2F0245 /* 2026-07-28_pace4_run.fit */; };
		137A9895FF49A1E5907F70C2 /* SessionDetailView.swift in Sources */ = {isa = PBXBuildFile; fileRef = 3CBB05856B8F40A606A0377B /* SessionDetailView.swift */; };
		13956237C4ADF5BC0D8AFEC8 /* FileImportSource.swift in Sources */ = {isa = PBXBuildFile; fileRef = 73B51F5A38FDA84472FE20F9 /* FileImportSource.swift */; };
		13C80720C1C8782BB6D9C66B /* ContentView.swift in Sources */ = {isa = PBXBuildFile; fileRef = 2C7DB8D82BBBE63397EFD9A0 /* ContentView.swift */; };
		1940804DC0D62B0FEF3F4C34 /* LoadedBatch.swift in Sources */ = {isa = PBXBuildFile; fileRef = 0186D2D3F56A9BD9FAE96EDE /* LoadedBatch.swift */; };
		1B46BE2E80E4F96F91860EC5 /* CorosSource.swift in Sources */ = {isa = PBXBuildFile; fileRef = 7C48CA5A3DE5B7E1173BADED /* CorosSource.swift */; };
		1C9B3FCB9E977F1F448B04EC /* SessionDetailModel.swift in Sources */ = {isa = PBXBuildFile; fileRef = 07AC6F4CFF81C7DBC7B0642C /* SessionDetailModel.swift */; };
		1CCE9ED2849DA45FF315D8EC /* BatchOverviewModelTests.swift in Sources */ = {isa = PBXBuildFile; fileRef = 44582E2A4FCF7DCC9BA10A1E /* BatchOverviewModelTests.swift */; };
		1D932088F0238A111AC83708 /* 2026-07-24_pace4_run.fit in Resources */ = {isa = PBXBuildFile; fileRef = E5B3B71858D8F4D156621312 /* 2026-07-24_pace4_run.fit */; };
		1E82A75502DB49DF74F667B9 /* BatchOverviewCardList.swift in Sources */ = {isa = PBXBuildFile; fileRef = 1319ACDB1D9B550D6CE369A2 /* BatchOverviewCardList.swift */; };
		20F279A4B2501111EF5A0236 /* ConcordanceChart.swift in Sources */ = {isa = PBXBuildFile; fileRef = 0F9CB9A30C8878C12706368C /* ConcordanceChart.swift */; };
		2269E96CD89FD2238A30CC05 /* BlandAltmanChart.swift in Sources */ = {isa = PBXBuildFile; fileRef = 0A6B11341A789CAA32B3EFFD /* BlandAltmanChart.swift */; };
		2419951B6DBFE75D2753CA2F /* AgreementPlotsSection.swift in Sources */ = {isa = PBXBuildFile; fileRef = 750986A9A81E42EFFD4C6881 /* AgreementPlotsSection.swift */; };
		24CE8E96A5169EE1C05EE225 /* HeartRateComparisonChart.swift in Sources */ = {isa = PBXBuildFile; fileRef = 88BB54D81AEC26DF2139727B /* HeartRateComparisonChart.swift */; };
		273B60E9DCF26C3722494434 /* 2026-07-24_polarSense_run.FIT in Resources */ = {isa = PBXBuildFile; fileRef = 8859262FEC42410701049FEF /* 2026-07-24_polarSense_run.FIT */; };
		296D84F5D89039E64F0E2778 /* FileImportSource.swift in Sources */ = {isa = PBXBuildFile; fileRef = 73B51F5A38FDA84472FE20F9 /* FileImportSource.swift */; };
		2CFDED03C1F3B48A5BC39455 /* DeviceAliasSheet.swift in Sources */ = {isa = PBXBuildFile; fileRef = EBE39F3EFC86D76BA21DF86D /* DeviceAliasSheet.swift */; };
		2EECF90FC75AEDDA6FE8FED2 /* PolarAPIClient.swift in Sources */ = {isa = PBXBuildFile; fileRef = E70098EDEF6B3DD1A7E03EE5 /* PolarAPIClient.swift */; };
		34444929FDD7EDC5D8CFED4C /* ShareEditView.swift in Sources */ = {isa = PBXBuildFile; fileRef = 1C159DD253A36EBC7D725AEC /* ShareEditView.swift */; };
		3563CCD67ACB2B055D40223B /* 2026-07-25_polarSense_run.FIT in Resources */ = {isa = PBXBuildFile; fileRef = 779BABD2110CD3A866AFA300 /* 2026-07-25_polarSense_run.FIT */; };
		36AE9B8A5AA9116E3503C165 /* 2026-07-30_pace4_run.fit in Resources */ = {isa = PBXBuildFile; fileRef = FA9F44680B8BD08D7018B8CE /* 2026-07-30_pace4_run.fit */; };
		3807329AA3EC621075742BE7 /* 2026-07-28_polarSense_run.FIT in Resources */ = {isa = PBXBuildFile; fileRef = 6CC95D6D8DEA48287DF31310 /* 2026-07-28_polarSense_run.FIT */; };
		3E62303B5B98A868789A154F /* ExplainerButton.swift in Sources */ = {isa = PBXBuildFile; fileRef = 2E49A2AE5AB4EB0C934D36AE /* ExplainerButton.swift */; };
		3E821CFF140F073D8DF0C4E9 /* 2026-07-27_polarSense_run.FIT in Resources */ = {isa = PBXBuildFile; fileRef = BC9796264AAB65D7707EE844 /* 2026-07-27_polarSense_run.FIT */; };
		3EE4FC8396C43516EBF7617A /* AgreementLevel+Color.swift in Sources */ = {isa = PBXBuildFile; fileRef = D839FE4884EC0F8F0B7800EB /* AgreementLevel+Color.swift */; };
		3F49BDB9B60191D1AF63DB45 /* FormatDate.swift in Sources */ = {isa = PBXBuildFile; fileRef = CD4C428207FFDEE0AA997974 /* FormatDate.swift */; };
		405F11FD2F7E57F0B64AB11B /* 2026-07-27_pace4_run.fit in Resources */ = {isa = PBXBuildFile; fileRef = F519D4339CC4F6F9979320D2 /* 2026-07-27_pace4_run.fit */; };
		4113F34F3495515C53DDCCB1 /* AppModel.swift in Sources */ = {isa = PBXBuildFile; fileRef = 744711A6152DC8D944BBAC03 /* AppModel.swift */; };
		445FCC4EFFC038C68491C08E /* Assets.xcassets in Resources */ = {isa = PBXBuildFile; fileRef = FB4DF09A2D0F71B42B61E36C /* Assets.xcassets */; };
		45129BCB92C9A3C55FE43268 /* 2026-07-28_pace4_run.fit in Resources */ = {isa = PBXBuildFile; fileRef = 5C72779773F5AD733A2F0245 /* 2026-07-28_pace4_run.fit */; };
		49FD8667441194A81685CA37 /* BatchAssembler.swift in Sources */ = {isa = PBXBuildFile; fileRef = CDA9A961E5A7E06FC1EDD945 /* BatchAssembler.swift */; };
		4B44160D8472BF5CBF2486D8 /* FitViewCore in Frameworks */ = {isa = PBXBuildFile; productRef = 66F0FBBB1428C87F899106CD /* FitViewCore */; };
		4B5E0522DB6E69CFBDD34ED9 /* DeviceAliasSheet.swift in Sources */ = {isa = PBXBuildFile; fileRef = EBE39F3EFC86D76BA21DF86D /* DeviceAliasSheet.swift */; };
		4CF26FE326797757D63DD0F3 /* 2026-07-26_polarSense_run.FIT in Resources */ = {isa = PBXBuildFile; fileRef = 8439706BC09F7DAA1864CF63 /* 2026-07-26_polarSense_run.FIT */; };
		54AAD6688D91BD6A67272DFE /* ShareEditView.swift in Sources */ = {isa = PBXBuildFile; fileRef = 1C159DD253A36EBC7D725AEC /* ShareEditView.swift */; };
		54C2DEF0F8084552B2574F8C /* BatchOverviewModel.swift in Sources */ = {isa = PBXBuildFile; fileRef = AB6468BD236AEE7A49D4481F /* BatchOverviewModel.swift */; };
		559CE02066E90B65987D20DB /* 2026-07-31_polarSense_run.FIT in Resources */ = {isa = PBXBuildFile; fileRef = 9473AC730C8EEE10EC405FE5 /* 2026-07-31_polarSense_run.FIT */; };
		585064A31DA61E4C33BC37AB /* FitViewApp.swift in Sources */ = {isa = PBXBuildFile; fileRef = ED2468CD13769E17A4380CC4 /* FitViewApp.swift */; };
		5856A16B015D4936174C3E71 /* FitViewCore in Frameworks */ = {isa = PBXBuildFile; productRef = CFB3D07AEC5BA0FE49AC9D60 /* FitViewCore */; };
		5BBE147AD15661E578157068 /* FullScreenHeartRateChartView.swift in Sources */ = {isa = PBXBuildFile; fileRef = 06E8FDFC0A9320D1D97D6B03 /* FullScreenHeartRateChartView.swift */; };
		6730E6F735AF5D1E3AF24C1A /* BlandAltmanChart.swift in Sources */ = {isa = PBXBuildFile; fileRef = 0A6B11341A789CAA32B3EFFD /* BlandAltmanChart.swift */; };
		68A6087A7AC90542E34BE5B4 /* BatchOverviewCardList.swift in Sources */ = {isa = PBXBuildFile; fileRef = 1319ACDB1D9B550D6CE369A2 /* BatchOverviewCardList.swift */; };
		6B70A1571DE203879E45249D /* PolarConfiguration.swift in Sources */ = {isa = PBXBuildFile; fileRef = A8DAACAD82D811B8E2C56844 /* PolarConfiguration.swift */; };
		6E08F44166CB7A853C1A050B /* 2026-07-23_polarSense_run.FIT in Resources */ = {isa = PBXBuildFile; fileRef = 54456847988A8C60D82F62C0 /* 2026-07-23_polarSense_run.FIT */; };
		6E6CA6D0339946158DEB2489 /* 2026-07-26-pace4_run.fit in Resources */ = {isa = PBXBuildFile; fileRef = 835C68FA5363F6B8A3F4CC7E /* 2026-07-26-pace4_run.fit */; };
		70A653DD82FD317863AEA376 /* ShareImportViewModel.swift in Sources */ = {isa = PBXBuildFile; fileRef = 40471BFBA88C733FC02B9D8D /* ShareImportViewModel.swift */; };
		70AD62F62EF0A54F8F045244 /* BundledSampleSource.swift in Sources */ = {isa = PBXBuildFile; fileRef = 3886B442F95B35D4EB410680 /* BundledSampleSource.swift */; };
		7256BCD37293F05E79CFB8D0 /* FitViewShareExtension-macOS.appex in Embed Foundation Extensions */ = {isa = PBXBuildFile; fileRef = A280F83CE634DD3430E75E32 /* FitViewShareExtension-macOS.appex */; settings = {ATTRIBUTES = (RemoveHeadersOnCopy, ); }; };
		751D5200DADA3B4ECEBA84F1 /* BatchBuilder.swift in Sources */ = {isa = PBXBuildFile; fileRef = 720F1C6C44E88CCE08AD31EE /* BatchBuilder.swift */; };
		764F8BE8121F9006DA92C284 /* AppModel.swift in Sources */ = {isa = PBXBuildFile; fileRef = 744711A6152DC8D944BBAC03 /* AppModel.swift */; };
		7FBF08D8B7D1B4BA410F7FA2 /* BatchBuilder.swift in Sources */ = {isa = PBXBuildFile; fileRef = 720F1C6C44E88CCE08AD31EE /* BatchBuilder.swift */; };
		83152F8889A20271010FAB64 /* 2026-07-23_pace4_run.fit in Resources */ = {isa = PBXBuildFile; fileRef = 398630142CE4F78A56B7717A /* 2026-07-23_pace4_run.fit */; };
		836D7136437E6E68D2403AFE /* PolarConfiguration.swift in Sources */ = {isa = PBXBuildFile; fileRef = A8DAACAD82D811B8E2C56844 /* PolarConfiguration.swift */; };
		85FCB01158F1C8E341F647F4 /* FitViewApp.swift in Sources */ = {isa = PBXBuildFile; fileRef = ED2468CD13769E17A4380CC4 /* FitViewApp.swift */; };
		8842D31520F5F04832AB6572 /* 2026-07-31_pace4_run.fit in Resources */ = {isa = PBXBuildFile; fileRef = 01A3AF8E86C66F71C2A15372 /* 2026-07-31_pace4_run.fit */; };
		890119FC5897EF9F080D7C9B /* FullScreenPlotView.swift in Sources */ = {isa = PBXBuildFile; fileRef = 11BE7C44AFE40287ADFB5958 /* FullScreenPlotView.swift */; };
		8B029EA6A120F656D2FFB8AE /* FullScreenPlotView.swift in Sources */ = {isa = PBXBuildFile; fileRef = 11BE7C44AFE40287ADFB5958 /* FullScreenPlotView.swift */; };
		8BDF78E3D4E86399641ACB4C /* FormatDate.swift in Sources */ = {isa = PBXBuildFile; fileRef = CD4C428207FFDEE0AA997974 /* FormatDate.swift */; };
		8C78358582DE01AD0A2B530B /* MetricExplainerView.swift in Sources */ = {isa = PBXBuildFile; fileRef = 4F5CABEB21B6EDBB3EAD5C98 /* MetricExplainerView.swift */; };
		90FA6E52F152682B2DEE52E9 /* SettingsView.swift in Sources */ = {isa = PBXBuildFile; fileRef = 46F0AC88A64D83AABDE82B43 /* SettingsView.swift */; };
		9249383166C563E968195CCB /* BatchOverviewModel.swift in Sources */ = {isa = PBXBuildFile; fileRef = AB6468BD236AEE7A49D4481F /* BatchOverviewModel.swift */; };
		9761BCAF646A10407625B9A4 /* 2026-07-25_pace4_run.fit in Resources */ = {isa = PBXBuildFile; fileRef = FD9454BD44F67E167E7F2691 /* 2026-07-25_pace4_run.fit */; };
		97E86A2BA796E72967987FBB /* ShareViewController.swift in Sources */ = {isa = PBXBuildFile; fileRef = C5D9CF7CA8098BBE6CBF566A /* ShareViewController.swift */; };
		9BD5E38635F11D4B18D78FED /* AgreementFixtures.swift in Sources */ = {isa = PBXBuildFile; fileRef = D78E021871CD8BBE8029C71C /* AgreementFixtures.swift */; };
		9D480D73639EDCCE60A52ADD /* ShareImportViewModel.swift in Sources */ = {isa = PBXBuildFile; fileRef = 40471BFBA88C733FC02B9D8D /* ShareImportViewModel.swift */; };
		9DB756380643642C717F29BB /* FitViewShareExtension-iOS.appex in Embed Foundation Extensions */ = {isa = PBXBuildFile; fileRef = 6ADE9C868F70851B4FE928CF /* FitViewShareExtension-iOS.appex */; settings = {ATTRIBUTES = (RemoveHeadersOnCopy, ); }; };
		9F81584544442D3A7508F2FB /* 2026-07-30_pace4_run.fit in Resources */ = {isa = PBXBuildFile; fileRef = FA9F44680B8BD08D7018B8CE /* 2026-07-30_pace4_run.fit */; };
		9F8D466B9B0AD9196446AE9C /* ExplainerButton.swift in Sources */ = {isa = PBXBuildFile; fileRef = 2E49A2AE5AB4EB0C934D36AE /* ExplainerButton.swift */; };
		A11E7DB613738CD62AE0234E /* PolarAccessLinkSource.swift in Sources */ = {isa = PBXBuildFile; fileRef = CB8D79FCEBD931E6CD8704D0 /* PolarAccessLinkSource.swift */; };
		A7FBF562058587256CA50650 /* 2026-07-26_polarSense_run.FIT in Resources */ = {isa = PBXBuildFile; fileRef = 8439706BC09F7DAA1864CF63 /* 2026-07-26_polarSense_run.FIT */; };
		AB1BFCD43781FFAA8D8E6EB4 /* 2026-07-31_pace4_run.fit in Resources */ = {isa = PBXBuildFile; fileRef = 01A3AF8E86C66F71C2A15372 /* 2026-07-31_pace4_run.fit */; };
		B491BA30C03CD4668AF3F860 /* BundledSampleSource.swift in Sources */ = {isa = PBXBuildFile; fileRef = 3886B442F95B35D4EB410680 /* BundledSampleSource.swift */; };
		B72642973C4E339719616C40 /* DataSourceMode.swift in Sources */ = {isa = PBXBuildFile; fileRef = BCAC09A78D074A3067C6D102 /* DataSourceMode.swift */; };
		B9E08C504D9CBCC1EE4E26F7 /* SessionDetailView.swift in Sources */ = {isa = PBXBuildFile; fileRef = 3CBB05856B8F40A606A0377B /* SessionDetailView.swift */; };
		BC218D82609504468CC5AB15 /* SessionDetailPreviewFixture.swift in Sources */ = {isa = PBXBuildFile; fileRef = 746597FD90593E4915FD43D2 /* SessionDetailPreviewFixture.swift */; };
		BD18EA2C6A70E6774E873426 /* AgreementPlotsSection.swift in Sources */ = {isa = PBXBuildFile; fileRef = 750986A9A81E42EFFD4C6881 /* AgreementPlotsSection.swift */; };
		C01325CDEE8B6A8582EFBDBF /* DataSourceMode.swift in Sources */ = {isa = PBXBuildFile; fileRef = BCAC09A78D074A3067C6D102 /* DataSourceMode.swift */; };
		C39E4CC614CE263058FCE5CA /* HeartRateComparisonChart.swift in Sources */ = {isa = PBXBuildFile; fileRef = 88BB54D81AEC26DF2139727B /* HeartRateComparisonChart.swift */; };
		C47CF6A546C34288B2AB2B32 /* BatchAssembler.swift in Sources */ = {isa = PBXBuildFile; fileRef = CDA9A961E5A7E06FC1EDD945 /* BatchAssembler.swift */; };
		C631C5637FCAF9568A8DED63 /* ShareViewController.swift in Sources */ = {isa = PBXBuildFile; fileRef = D1A575BE2CC196DA43BD6D6E /* ShareViewController.swift */; };
		C658980557AFB6F64E0411FB /* 2026-07-27_pace4_run.fit in Resources */ = {isa = PBXBuildFile; fileRef = F519D4339CC4F6F9979320D2 /* 2026-07-27_pace4_run.fit */; };
		C6D3F17A8E011AEC1F8B5379 /* BatchOverviewView.swift in Sources */ = {isa = PBXBuildFile; fileRef = F5FDB60B17320BE6DB9611F4 /* BatchOverviewView.swift */; };
		C6E63CF4FEB692F16924FD15 /* StatTile.swift in Sources */ = {isa = PBXBuildFile; fileRef = E3C03519E7F1FC369F1841A6 /* StatTile.swift */; };
		C8E66D6AF8F4696B2E1B4CC2 /* SettingsView.swift in Sources */ = {isa = PBXBuildFile; fileRef = 46F0AC88A64D83AABDE82B43 /* SettingsView.swift */; };
		CBC0D77790836A7EBBC73365 /* FitViewCore in Frameworks */ = {isa = PBXBuildFile; productRef = 02BED5B526334DACF65C5370 /* FitViewCore */; };
		CF3524DAF2910A17C4470C6E /* 2026-07-30_polarSense_run.FIT in Resources */ = {isa = PBXBuildFile; fileRef = 9FE1EC3D7F94B126B73BE2E1 /* 2026-07-30_polarSense_run.FIT */; };
		CFDE1697CF46BF114FBACE2F /* 2026-07-31_polarSense_run.FIT in Resources */ = {isa = PBXBuildFile; fileRef = 9473AC730C8EEE10EC405FE5 /* 2026-07-31_polarSense_run.FIT */; };
		D21F8A98CBB5D6839B609C0B /* FullScreenHeartRateChartView.swift in Sources */ = {isa = PBXBuildFile; fileRef = 06E8FDFC0A9320D1D97D6B03 /* FullScreenHeartRateChartView.swift */; };
		D43ECC1FC15D40A3152F7F3C /* 2026-07-27_polarSense_run.FIT in Resources */ = {isa = PBXBuildFile; fileRef = BC9796264AAB65D7707EE844 /* 2026-07-27_polarSense_run.FIT */; };
		D5B2A1E978F25A298A3A6FDD /* ImportSheet.swift in Sources */ = {isa = PBXBuildFile; fileRef = F1EEFD40AC516981A1C8CC0C /* ImportSheet.swift */; };
		E05D7021A34FC7C09953A6AE /* ConcordanceChart.swift in Sources */ = {isa = PBXBuildFile; fileRef = 0F9CB9A30C8878C12706368C /* ConcordanceChart.swift */; };
		E373120611EA55B09D26D0CC /* ContentView.swift in Sources */ = {isa = PBXBuildFile; fileRef = 2C7DB8D82BBBE63397EFD9A0 /* ContentView.swift */; };
		E4BF62537462DB10181D83DD /* SessionCard.swift in Sources */ = {isa = PBXBuildFile; fileRef = F01D3A90F5A8F9132C718742 /* SessionCard.swift */; };
		E4F44096071B6593FB8A7E42 /* FitViewCore in Frameworks */ = {isa = PBXBuildFile; productRef = 4F74B73EF88181791D1724CF /* FitViewCore */; };
		E6873DF465A51F235279B07D /* TokenStore.swift in Sources */ = {isa = PBXBuildFile; fileRef = 8B77BE2D9A414813D4E3F6BF /* TokenStore.swift */; };
		E956B9EC76A38C05A66BEA57 /* LoadedBatch.swift in Sources */ = {isa = PBXBuildFile; fileRef = 0186D2D3F56A9BD9FAE96EDE /* LoadedBatch.swift */; };
		EA98FF81F56281D3858AA1D2 /* 2026-07-24_pace4_run.fit in Resources */ = {isa = PBXBuildFile; fileRef = E5B3B71858D8F4D156621312 /* 2026-07-24_pace4_run.fit */; };
		EBCA0FCE10634AA18BC023A2 /* ImportSheet.swift in Sources */ = {isa = PBXBuildFile; fileRef = F1EEFD40AC516981A1C8CC0C /* ImportSheet.swift */; };
		ED5B67C85C8AB012B37D2057 /* 2026-07-28_polarSense_run.FIT in Resources */ = {isa = PBXBuildFile; fileRef = 6CC95D6D8DEA48287DF31310 /* 2026-07-28_polarSense_run.FIT */; };
		ED9D1936891C99D733E7F3E2 /* CorosSource.swift in Sources */ = {isa = PBXBuildFile; fileRef = 7C48CA5A3DE5B7E1173BADED /* CorosSource.swift */; };
		EE6B9DEB3878E208CDDA405E /* Assets.xcassets in Resources */ = {isa = PBXBuildFile; fileRef = 3736C57073C2AF495A7D214B /* Assets.xcassets */; };
		F0C0D394D3A6B1AFDE689803 /* SessionCard.swift in Sources */ = {isa = PBXBuildFile; fileRef = F01D3A90F5A8F9132C718742 /* SessionCard.swift */; };
		F22B5026FAAEA78CE5D88517 /* SessionDetailModel.swift in Sources */ = {isa = PBXBuildFile; fileRef = 07AC6F4CFF81C7DBC7B0642C /* SessionDetailModel.swift */; };
		F31F3F2CB73BBFAFF2A9AE55 /* 2026-07-26-pace4_run.fit in Resources */ = {isa = PBXBuildFile; fileRef = 835C68FA5363F6B8A3F4CC7E /* 2026-07-26-pace4_run.fit */; };
		F474CDD69FDB4150D0224B48 /* 2026-07-25_pace4_run.fit in Resources */ = {isa = PBXBuildFile; fileRef = FD9454BD44F67E167E7F2691 /* 2026-07-25_pace4_run.fit */; };
		F69346F16A49347A9AC1A02A /* PolarAPIClient.swift in Sources */ = {isa = PBXBuildFile; fileRef = E70098EDEF6B3DD1A7E03EE5 /* PolarAPIClient.swift */; };
		FCB698B3D32662E9BE4879E1 /* BatchOverviewView.swift in Sources */ = {isa = PBXBuildFile; fileRef = F5FDB60B17320BE6DB9611F4 /* BatchOverviewView.swift */; };
		FD3C7F7627D90F3836BA7AD1 /* 2026-07-23_pace4_run.fit in Resources */ = {isa = PBXBuildFile; fileRef = 398630142CE4F78A56B7717A /* 2026-07-23_pace4_run.fit */; };
		FD6ED1B74D8F570F59531856 /* TokenStore.swift in Sources */ = {isa = PBXBuildFile; fileRef = 8B77BE2D9A414813D4E3F6BF /* TokenStore.swift */; };
		FDED20FBD9D81CAAFC3F273E /* MetricExplainerView.swift in Sources */ = {isa = PBXBuildFile; fileRef = 4F5CABEB21B6EDBB3EAD5C98 /* MetricExplainerView.swift */; };
/* End PBXBuildFile section */

/* Begin PBXContainerItemProxy section */
		2B5227CDE8DE521E328C0BC6 /* PBXContainerItemProxy */ = {
			isa = PBXContainerItemProxy;
			containerPortal = F3D49D2D8A0602D53DD2B1A4 /* Project object */;
			proxyType = 1;
			remoteGlobalIDString = EDAD7ED43F5769299B50F163;
			remoteInfo = "FitView-macOS";
		};
		9B4BBD4EA1075E053ECAE107 /* PBXContainerItemProxy */ = {
			isa = PBXContainerItemProxy;
			containerPortal = F3D49D2D8A0602D53DD2B1A4 /* Project object */;
			proxyType = 1;
			remoteGlobalIDString = B456014F1837BF6670586880;
			remoteInfo = "FitViewShareExtension-macOS";
		};
		F47AE2D938D8086C2B8D6AF1 /* PBXContainerItemProxy */ = {
			isa = PBXContainerItemProxy;
			containerPortal = F3D49D2D8A0602D53DD2B1A4 /* Project object */;
			proxyType = 1;
			remoteGlobalIDString = 6B471912DE0FDF3E72BB33AF;
			remoteInfo = "FitViewShareExtension-iOS";
		};
/* End PBXContainerItemProxy section */

/* Begin PBXCopyFilesBuildPhase section */
		8BB06FD13A0D5FB3AD2763C6 /* Embed Foundation Extensions */ = {
			isa = PBXCopyFilesBuildPhase;
			buildActionMask = 2147483647;
			dstPath = "";
			dstSubfolderSpec = 13;
			files = (
				9DB756380643642C717F29BB /* FitViewShareExtension-iOS.appex in Embed Foundation Extensions */,
			);
			name = "Embed Foundation Extensions";
			runOnlyForDeploymentPostprocessing = 0;
		};
		957F1A0D1EC8BCA7A4C00EE1 /* Embed Foundation Extensions */ = {
			isa = PBXCopyFilesBuildPhase;
			buildActionMask = 2147483647;
			dstPath = "";
			dstSubfolderSpec = 13;
			files = (
				7256BCD37293F05E79CFB8D0 /* FitViewShareExtension-macOS.appex in Embed Foundation Extensions */,
			);
			name = "Embed Foundation Extensions";
			runOnlyForDeploymentPostprocessing = 0;
		};
/* End PBXCopyFilesBuildPhase section */

/* Begin PBXFileReference section */
		0186D2D3F56A9BD9FAE96EDE /* LoadedBatch.swift */ = {isa = PBXFileReference; lastKnownFileType = sourcecode.swift; path = LoadedBatch.swift; sourceTree = "<group>"; };
		01A3AF8E86C66F71C2A15372 /* 2026-07-31_pace4_run.fit */ = {isa = PBXFileReference; path = "2026-07-31_pace4_run.fit"; sourceTree = "<group>"; };
		06E8FDFC0A9320D1D97D6B03 /* FullScreenHeartRateChartView.swift */ = {isa = PBXFileReference; lastKnownFileType = sourcecode.swift; path = FullScreenHeartRateChartView.swift; sourceTree = "<group>"; };
		07AC6F4CFF81C7DBC7B0642C /* SessionDetailModel.swift */ = {isa = PBXFileReference; lastKnownFileType = sourcecode.swift; path = SessionDetailModel.swift; sourceTree = "<group>"; };
		0A6B11341A789CAA32B3EFFD /* BlandAltmanChart.swift */ = {isa = PBXFileReference; lastKnownFileType = sourcecode.swift; path = BlandAltmanChart.swift; sourceTree = "<group>"; };
		0D88540FFC88A8BE00B67CC8 /* FitView.entitlements */ = {isa = PBXFileReference; lastKnownFileType = text.plist.entitlements; path = FitView.entitlements; sourceTree = "<group>"; };
		0F9CB9A30C8878C12706368C /* ConcordanceChart.swift */ = {isa = PBXFileReference; lastKnownFileType = sourcecode.swift; path = ConcordanceChart.swift; sourceTree = "<group>"; };
		11BE7C44AFE40287ADFB5958 /* FullScreenPlotView.swift */ = {isa = PBXFileReference; lastKnownFileType = sourcecode.swift; path = FullScreenPlotView.swift; sourceTree = "<group>"; };
		1319ACDB1D9B550D6CE369A2 /* BatchOverviewCardList.swift */ = {isa = PBXFileReference; lastKnownFileType = sourcecode.swift; path = BatchOverviewCardList.swift; sourceTree = "<group>"; };
		1A5BCD71CF4B86B7D492685B /* Info.plist */ = {isa = PBXFileReference; lastKnownFileType = text.plist; path = Info.plist; sourceTree = "<group>"; };
		1C159DD253A36EBC7D725AEC /* ShareEditView.swift */ = {isa = PBXFileReference; lastKnownFileType = sourcecode.swift; path = ShareEditView.swift; sourceTree = "<group>"; };
		2C7DB8D82BBBE63397EFD9A0 /* ContentView.swift */ = {isa = PBXFileReference; lastKnownFileType = sourcecode.swift; path = ContentView.swift; sourceTree = "<group>"; };
		2E49A2AE5AB4EB0C934D36AE /* ExplainerButton.swift */ = {isa = PBXFileReference; lastKnownFileType = sourcecode.swift; path = ExplainerButton.swift; sourceTree = "<group>"; };
		2EFBAF76469F54663220648C /* FitViewCore */ = {isa = PBXFileReference; lastKnownFileType = folder; name = FitViewCore; path = Packages/FitViewCore; sourceTree = SOURCE_ROOT; };
		3736C57073C2AF495A7D214B /* Assets.xcassets */ = {isa = PBXFileReference; lastKnownFileType = folder.assetcatalog; path = Assets.xcassets; sourceTree = "<group>"; };
		3886B442F95B35D4EB410680 /* BundledSampleSource.swift */ = {isa = PBXFileReference; lastKnownFileType = sourcecode.swift; path = BundledSampleSource.swift; sourceTree = "<group>"; };
		398630142CE4F78A56B7717A /* 2026-07-23_pace4_run.fit */ = {isa = PBXFileReference; path = "2026-07-23_pace4_run.fit"; sourceTree = "<group>"; };
		3CBB05856B8F40A606A0377B /* SessionDetailView.swift */ = {isa = PBXFileReference; lastKnownFileType = sourcecode.swift; path = SessionDetailView.swift; sourceTree = "<group>"; };
		40471BFBA88C733FC02B9D8D /* ShareImportViewModel.swift */ = {isa = PBXFileReference; lastKnownFileType = sourcecode.swift; path = ShareImportViewModel.swift; sourceTree = "<group>"; };
		44582E2A4FCF7DCC9BA10A1E /* BatchOverviewModelTests.swift */ = {isa = PBXFileReference; lastKnownFileType = sourcecode.swift; path = BatchOverviewModelTests.swift; sourceTree = "<group>"; };
		46F0AC88A64D83AABDE82B43 /* SettingsView.swift */ = {isa = PBXFileReference; lastKnownFileType = sourcecode.swift; path = SettingsView.swift; sourceTree = "<group>"; };
		48333B51754FF425528666D2 /* FitViewTests.xctest */ = {isa = PBXFileReference; explicitFileType = wrapper.cfbundle; includeInIndex = 0; path = FitViewTests.xctest; sourceTree = BUILT_PRODUCTS_DIR; };
		4F2BB1F8F0D3B0BC65CCB3D3 /* Info.plist */ = {isa = PBXFileReference; lastKnownFileType = text.plist; path = Info.plist; sourceTree = "<group>"; };
		4F5CABEB21B6EDBB3EAD5C98 /* MetricExplainerView.swift */ = {isa = PBXFileReference; lastKnownFileType = sourcecode.swift; path = MetricExplainerView.swift; sourceTree = "<group>"; };
		54456847988A8C60D82F62C0 /* 2026-07-23_polarSense_run.FIT */ = {isa = PBXFileReference; path = "2026-07-23_polarSense_run.FIT"; sourceTree = "<group>"; };
		54B398142104968E231BDF7E /* Config.xcconfig */ = {isa = PBXFileReference; lastKnownFileType = text.xcconfig; path = Config.xcconfig; sourceTree = "<group>"; };
		57DDAB7210CFB9E361BE0D0C /* FitView-iOS.app */ = {isa = PBXFileReference; includeInIndex = 0; lastKnownFileType = wrapper.application; path = "FitView-iOS.app"; sourceTree = BUILT_PRODUCTS_DIR; };
		5C72779773F5AD733A2F0245 /* 2026-07-28_pace4_run.fit */ = {isa = PBXFileReference; path = "2026-07-28_pace4_run.fit"; sourceTree = "<group>"; };
		5EA9E25D23AA7688456330C8 /* ShareExtension.entitlements */ = {isa = PBXFileReference; lastKnownFileType = text.plist.entitlements; path = ShareExtension.entitlements; sourceTree = "<group>"; };
		6ADE9C868F70851B4FE928CF /* FitViewShareExtension-iOS.appex */ = {isa = PBXFileReference; includeInIndex = 0; lastKnownFileType = "wrapper.app-extension"; path = "FitViewShareExtension-iOS.appex"; sourceTree = BUILT_PRODUCTS_DIR; };
		6CC95D6D8DEA48287DF31310 /* 2026-07-28_polarSense_run.FIT */ = {isa = PBXFileReference; path = "2026-07-28_polarSense_run.FIT"; sourceTree = "<group>"; };
		6E8C62A64BDB36B547972409 /* Info.plist */ = {isa = PBXFileReference; lastKnownFileType = text.plist; path = Info.plist; sourceTree = "<group>"; };
		720F1C6C44E88CCE08AD31EE /* BatchBuilder.swift */ = {isa = PBXFileReference; lastKnownFileType = sourcecode.swift; path = BatchBuilder.swift; sourceTree = "<group>"; };
		7307DB1EFFEAE4CB45B138D9 /* Info.plist */ = {isa = PBXFileReference; lastKnownFileType = text.plist; path = Info.plist; sourceTree = "<group>"; };
		73B51F5A38FDA84472FE20F9 /* FileImportSource.swift */ = {isa = PBXFileReference; lastKnownFileType = sourcecode.swift; path = FileImportSource.swift; sourceTree = "<group>"; };
		744711A6152DC8D944BBAC03 /* AppModel.swift */ = {isa = PBXFileReference; lastKnownFileType = sourcecode.swift; path = AppModel.swift; sourceTree = "<group>"; };
		746597FD90593E4915FD43D2 /* SessionDetailPreviewFixture.swift */ = {isa = PBXFileReference; lastKnownFileType = sourcecode.swift; path = SessionDetailPreviewFixture.swift; sourceTree = "<group>"; };
		750986A9A81E42EFFD4C6881 /* AgreementPlotsSection.swift */ = {isa = PBXFileReference; lastKnownFileType = sourcecode.swift; path = AgreementPlotsSection.swift; sourceTree = "<group>"; };
		779BABD2110CD3A866AFA300 /* 2026-07-25_polarSense_run.FIT */ = {isa = PBXFileReference; path = "2026-07-25_polarSense_run.FIT"; sourceTree = "<group>"; };
		7C48CA5A3DE5B7E1173BADED /* CorosSource.swift */ = {isa = PBXFileReference; lastKnownFileType = sourcecode.swift; path = CorosSource.swift; sourceTree = "<group>"; };
		835C68FA5363F6B8A3F4CC7E /* 2026-07-26-pace4_run.fit */ = {isa = PBXFileReference; path = "2026-07-26-pace4_run.fit"; sourceTree = "<group>"; };
		8439706BC09F7DAA1864CF63 /* 2026-07-26_polarSense_run.FIT */ = {isa = PBXFileReference; path = "2026-07-26_polarSense_run.FIT"; sourceTree = "<group>"; };
		8859262FEC42410701049FEF /* 2026-07-24_polarSense_run.FIT */ = {isa = PBXFileReference; path = "2026-07-24_polarSense_run.FIT"; sourceTree = "<group>"; };
		88BB54D81AEC26DF2139727B /* HeartRateComparisonChart.swift */ = {isa = PBXFileReference; lastKnownFileType = sourcecode.swift; path = HeartRateComparisonChart.swift; sourceTree = "<group>"; };
		8B77BE2D9A414813D4E3F6BF /* TokenStore.swift */ = {isa = PBXFileReference; lastKnownFileType = sourcecode.swift; path = TokenStore.swift; sourceTree = "<group>"; };
		9473AC730C8EEE10EC405FE5 /* 2026-07-31_polarSense_run.FIT */ = {isa = PBXFileReference; path = "2026-07-31_polarSense_run.FIT"; sourceTree = "<group>"; };
		9FE1EC3D7F94B126B73BE2E1 /* 2026-07-30_polarSense_run.FIT */ = {isa = PBXFileReference; path = "2026-07-30_polarSense_run.FIT"; sourceTree = "<group>"; };
		A280F83CE634DD3430E75E32 /* FitViewShareExtension-macOS.appex */ = {isa = PBXFileReference; explicitFileType = "wrapper.app-extension"; includeInIndex = 0; path = "FitViewShareExtension-macOS.appex"; sourceTree = BUILT_PRODUCTS_DIR; };
		A8DAACAD82D811B8E2C56844 /* PolarConfiguration.swift */ = {isa = PBXFileReference; lastKnownFileType = sourcecode.swift; path = PolarConfiguration.swift; sourceTree = "<group>"; };
		AB6468BD236AEE7A49D4481F /* BatchOverviewModel.swift */ = {isa = PBXFileReference; lastKnownFileType = sourcecode.swift; path = BatchOverviewModel.swift; sourceTree = "<group>"; };
		BC9796264AAB65D7707EE844 /* 2026-07-27_polarSense_run.FIT */ = {isa = PBXFileReference; path = "2026-07-27_polarSense_run.FIT"; sourceTree = "<group>"; };
		BCAC09A78D074A3067C6D102 /* DataSourceMode.swift */ = {isa = PBXFileReference; lastKnownFileType = sourcecode.swift; path = DataSourceMode.swift; sourceTree = "<group>"; };
		C5B9760BE34970E1C74C305F /* ShareExtension.entitlements */ = {isa = PBXFileReference; lastKnownFileType = text.plist.entitlements; path = ShareExtension.entitlements; sourceTree = "<group>"; };
		C5D9CF7CA8098BBE6CBF566A /* ShareViewController.swift */ = {isa = PBXFileReference; lastKnownFileType = sourcecode.swift; path = ShareViewController.swift; sourceTree = "<group>"; };
		CB8D79FCEBD931E6CD8704D0 /* PolarAccessLinkSource.swift */ = {isa = PBXFileReference; lastKnownFileType = sourcecode.swift; path = PolarAccessLinkSource.swift; sourceTree = "<group>"; };
		CC65984041C307E9C026CCB5 /* FitView-macOS.app */ = {isa = PBXFileReference; explicitFileType = wrapper.application; includeInIndex = 0; path = "FitView-macOS.app"; sourceTree = BUILT_PRODUCTS_DIR; };
		CD4C428207FFDEE0AA997974 /* FormatDate.swift */ = {isa = PBXFileReference; lastKnownFileType = sourcecode.swift; path = FormatDate.swift; sourceTree = "<group>"; };
		CDA9A961E5A7E06FC1EDD945 /* BatchAssembler.swift */ = {isa = PBXFileReference; lastKnownFileType = sourcecode.swift; path = BatchAssembler.swift; sourceTree = "<group>"; };
		D1A575BE2CC196DA43BD6D6E /* ShareViewController.swift */ = {isa = PBXFileReference; lastKnownFileType = sourcecode.swift; path = ShareViewController.swift; sourceTree = "<group>"; };
		D78E021871CD8BBE8029C71C /* AgreementFixtures.swift */ = {isa = PBXFileReference; lastKnownFileType = sourcecode.swift; path = AgreementFixtures.swift; sourceTree = "<group>"; };
		D839FE4884EC0F8F0B7800EB /* AgreementLevel+Color.swift */ = {isa = PBXFileReference; lastKnownFileType = sourcecode.swift; path = "AgreementLevel+Color.swift"; sourceTree = "<group>"; };
		E1C8063E07F5506B1752D2A8 /* FitView.entitlements */ = {isa = PBXFileReference; lastKnownFileType = text.plist.entitlements; path = FitView.entitlements; sourceTree = "<group>"; };
		E3C03519E7F1FC369F1841A6 /* StatTile.swift */ = {isa = PBXFileReference; lastKnownFileType = sourcecode.swift; path = StatTile.swift; sourceTree = "<group>"; };
		E5B3B71858D8F4D156621312 /* 2026-07-24_pace4_run.fit */ = {isa = PBXFileReference; path = "2026-07-24_pace4_run.fit"; sourceTree = "<group>"; };
		E70098EDEF6B3DD1A7E03EE5 /* PolarAPIClient.swift */ = {isa = PBXFileReference; lastKnownFileType = sourcecode.swift; path = PolarAPIClient.swift; sourceTree = "<group>"; };
		EBE39F3EFC86D76BA21DF86D /* DeviceAliasSheet.swift */ = {isa = PBXFileReference; lastKnownFileType = sourcecode.swift; path = DeviceAliasSheet.swift; sourceTree = "<group>"; };
		ED2468CD13769E17A4380CC4 /* FitViewApp.swift */ = {isa = PBXFileReference; lastKnownFileType = sourcecode.swift; path = FitViewApp.swift; sourceTree = "<group>"; };
		F01D3A90F5A8F9132C718742 /* SessionCard.swift */ = {isa = PBXFileReference; lastKnownFileType = sourcecode.swift; path = SessionCard.swift; sourceTree = "<group>"; };
		F1EEFD40AC516981A1C8CC0C /* ImportSheet.swift */ = {isa = PBXFileReference; lastKnownFileType = sourcecode.swift; path = ImportSheet.swift; sourceTree = "<group>"; };
		F519D4339CC4F6F9979320D2 /* 2026-07-27_pace4_run.fit */ = {isa = PBXFileReference; path = "2026-07-27_pace4_run.fit"; sourceTree = "<group>"; };
		F5FDB60B17320BE6DB9611F4 /* BatchOverviewView.swift */ = {isa = PBXFileReference; lastKnownFileType = sourcecode.swift; path = BatchOverviewView.swift; sourceTree = "<group>"; };
		FA9F44680B8BD08D7018B8CE /* 2026-07-30_pace4_run.fit */ = {isa = PBXFileReference; path = "2026-07-30_pace4_run.fit"; sourceTree = "<group>"; };
		FB4DF09A2D0F71B42B61E36C /* Assets.xcassets */ = {isa = PBXFileReference; lastKnownFileType = folder.assetcatalog; path = Assets.xcassets; sourceTree = "<group>"; };
		FD9454BD44F67E167E7F2691 /* 2026-07-25_pace4_run.fit */ = {isa = PBXFileReference; path = "2026-07-25_pace4_run.fit"; sourceTree = "<group>"; };
/* End PBXFileReference section */

/* Begin PBXFrameworksBuildPhase section */
		042FF046012BB71E2E60FE26 /* Frameworks */ = {
			isa = PBXFrameworksBuildPhase;
			buildActionMask = 2147483647;
			files = (
				5856A16B015D4936174C3E71 /* FitViewCore in Frameworks */,
			);
			runOnlyForDeploymentPostprocessing = 0;
		};
		13125332620C0FDA2F548171 /* Frameworks */ = {
			isa = PBXFrameworksBuildPhase;
			buildActionMask = 2147483647;
			files = (
				CBC0D77790836A7EBBC73365 /* FitViewCore in Frameworks */,
			);
			runOnlyForDeploymentPostprocessing = 0;
		};
		283F622D0D284305F715FFB7 /* Frameworks */ = {
			isa = PBXFrameworksBuildPhase;
			buildActionMask = 2147483647;
			files = (
				E4F44096071B6593FB8A7E42 /* FitViewCore in Frameworks */,
			);
			runOnlyForDeploymentPostprocessing = 0;
		};
		DD34FD76B2731137A5558241 /* Frameworks */ = {
			isa = PBXFrameworksBuildPhase;
			buildActionMask = 2147483647;
			files = (
				1138B22A54FF8408A8AC1F69 /* FitViewCore in Frameworks */,
			);
			runOnlyForDeploymentPostprocessing = 0;
		};
		E446F13FBFB6DE3722E8BBF0 /* Frameworks */ = {
			isa = PBXFrameworksBuildPhase;
			buildActionMask = 2147483647;
			files = (
				4B44160D8472BF5CBF2486D8 /* FitViewCore in Frameworks */,
			);
			runOnlyForDeploymentPostprocessing = 0;
		};
/* End PBXFrameworksBuildPhase section */

/* Begin PBXGroup section */
		0C422635D3845C398D08EED8 /* FitViewTests */ = {
			isa = PBXGroup;
			children = (
				44582E2A4FCF7DCC9BA10A1E /* BatchOverviewModelTests.swift */,
				F67C87D0C2D47B1CC1AE668C /* Fixtures */,
			);
			name = FitViewTests;
			path = Tests/FitViewTests;
			sourceTree = "<group>";
		};
		1E5B64102DCCED272BA709E7 /* Polar */ = {
			isa = PBXGroup;
			children = (
				CB8D79FCEBD931E6CD8704D0 /* PolarAccessLinkSource.swift */,
				E70098EDEF6B3DD1A7E03EE5 /* PolarAPIClient.swift */,
				A8DAACAD82D811B8E2C56844 /* PolarConfiguration.swift */,
				8B77BE2D9A414813D4E3F6BF /* TokenStore.swift */,
			);
			path = Polar;
			sourceTree = "<group>";
		};
		2BD2BAD089D5D03AD671E96B = {
			isa = PBXGroup;
			children = (
				BAC026274E3766372F2A176E /* fit-view */,
				C4A06C2342336D6B6021149E /* FitView */,
				E293E2E0D859B34B94B888E6 /* FitView-iOS */,
				996BC695B72E4F729E9C6869 /* FitView-macOS */,
				0C422635D3845C398D08EED8 /* FitViewTests */,
				F555DC876649314F8CB220ED /* iOS */,
				F30AF3289FD4FCF5A854ABC5 /* macOS */,
				3F3234EF9BCBE45149D0BC90 /* Packages */,
				325D767A4C216BBBA608E9CD /* Shared */,
				D9EA7C92DF44EF8212995442 /* Products */,
			);
			sourceTree = "<group>";
		};
		325D767A4C216BBBA608E9CD /* Shared */ = {
			isa = PBXGroup;
			children = (
				1C159DD253A36EBC7D725AEC /* ShareEditView.swift */,
				40471BFBA88C733FC02B9D8D /* ShareImportViewModel.swift */,
			);
			name = Shared;
			path = Sources/ShareExtension/Shared;
			sourceTree = "<group>";
		};
		3A21FB5F2EF9AC7E1CF02D3C /* Resources */ = {
			isa = PBXGroup;
			children = (
				BD365FB5BB04BCC30F4F1412 /* SampleData */,
			);
			path = Resources;
			sourceTree = "<group>";
		};
		3F3234EF9BCBE45149D0BC90 /* Packages */ = {
			isa = PBXGroup;
			children = (
				2EFBAF76469F54663220648C /* FitViewCore */,
			);
			path = Packages;
			sourceTree = "<group>";
		};
		5450F1C2D211F7028F72F290 /* Settings */ = {
			isa = PBXGroup;
			children = (
				46F0AC88A64D83AABDE82B43 /* SettingsView.swift */,
			);
			path = Settings;
			sourceTree = "<group>";
		};
		684655C390F463E448BE5D40 /* SessionDetail */ = {
			isa = PBXGroup;
			children = (
				750986A9A81E42EFFD4C6881 /* AgreementPlotsSection.swift */,
				0A6B11341A789CAA32B3EFFD /* BlandAltmanChart.swift */,
				0F9CB9A30C8878C12706368C /* ConcordanceChart.swift */,
				2E49A2AE5AB4EB0C934D36AE /* ExplainerButton.swift */,
				06E8FDFC0A9320D1D97D6B03 /* FullScreenHeartRateChartView.swift */,
				11BE7C44AFE40287ADFB5958 /* FullScreenPlotView.swift */,
				88BB54D81AEC26DF2139727B /* HeartRateComparisonChart.swift */,
				4F5CABEB21B6EDBB3EAD5C98 /* MetricExplainerView.swift */,
				07AC6F4CFF81C7DBC7B0642C /* SessionDetailModel.swift */,
				746597FD90593E4915FD43D2 /* SessionDetailPreviewFixture.swift */,
				3CBB05856B8F40A606A0377B /* SessionDetailView.swift */,
				E3C03519E7F1FC369F1841A6 /* StatTile.swift */,
			);
			path = SessionDetail;
			sourceTree = "<group>";
		};
		6B6562388640695EF7EF67C0 /* Import */ = {
			isa = PBXGroup;
			children = (
				3886B442F95B35D4EB410680 /* BundledSampleSource.swift */,
				7C48CA5A3DE5B7E1173BADED /* CorosSource.swift */,
				73B51F5A38FDA84472FE20F9 /* FileImportSource.swift */,
				F1EEFD40AC516981A1C8CC0C /* ImportSheet.swift */,
				1E5B64102DCCED272BA709E7 /* Polar */,
			);
			path = Import;
			sourceTree = "<group>";
		};
		996BC695B72E4F729E9C6869 /* FitView-macOS */ = {
			isa = PBXGroup;
			children = (
				FB4DF09A2D0F71B42B61E36C /* Assets.xcassets */,
				0D88540FFC88A8BE00B67CC8 /* FitView.entitlements */,
				1A5BCD71CF4B86B7D492685B /* Info.plist */,
			);
			name = "FitView-macOS";
			path = "Sources/FitView-macOS";
			sourceTree = "<group>";
		};
		BAC026274E3766372F2A176E /* fit-view */ = {
			isa = PBXGroup;
			children = (
				54B398142104968E231BDF7E /* Config.xcconfig */,
			);
			name = "fit-view";
			path = .;
			sourceTree = "<group>";
		};
		BD365FB5BB04BCC30F4F1412 /* SampleData */ = {
			isa = PBXGroup;
			children = (
				398630142CE4F78A56B7717A /* 2026-07-23_pace4_run.fit */,
				54456847988A8C60D82F62C0 /* 2026-07-23_polarSense_run.FIT */,
				E5B3B71858D8F4D156621312 /* 2026-07-24_pace4_run.fit */,
				8859262FEC42410701049FEF /* 2026-07-24_polarSense_run.FIT */,
				FD9454BD44F67E167E7F2691 /* 2026-07-25_pace4_run.fit */,
				779BABD2110CD3A866AFA300 /* 2026-07-25_polarSense_run.FIT */,
				8439706BC09F7DAA1864CF63 /* 2026-07-26_polarSense_run.FIT */,
				835C68FA5363F6B8A3F4CC7E /* 2026-07-26-pace4_run.fit */,
				F519D4339CC4F6F9979320D2 /* 2026-07-27_pace4_run.fit */,
				BC9796264AAB65D7707EE844 /* 2026-07-27_polarSense_run.FIT */,
				5C72779773F5AD733A2F0245 /* 2026-07-28_pace4_run.fit */,
				6CC95D6D8DEA48287DF31310 /* 2026-07-28_polarSense_run.FIT */,
				FA9F44680B8BD08D7018B8CE /* 2026-07-30_pace4_run.fit */,
				9FE1EC3D7F94B126B73BE2E1 /* 2026-07-30_polarSense_run.FIT */,
				01A3AF8E86C66F71C2A15372 /* 2026-07-31_pace4_run.fit */,
				9473AC730C8EEE10EC405FE5 /* 2026-07-31_polarSense_run.FIT */,
			);
			path = SampleData;
			sourceTree = "<group>";
		};
		C4A06C2342336D6B6021149E /* FitView */ = {
			isa = PBXGroup;
			children = (
				D839FE4884EC0F8F0B7800EB /* AgreementLevel+Color.swift */,
				744711A6152DC8D944BBAC03 /* AppModel.swift */,
				CDA9A961E5A7E06FC1EDD945 /* BatchAssembler.swift */,
				720F1C6C44E88CCE08AD31EE /* BatchBuilder.swift */,
				1319ACDB1D9B550D6CE369A2 /* BatchOverviewCardList.swift */,
				AB6468BD236AEE7A49D4481F /* BatchOverviewModel.swift */,
				F5FDB60B17320BE6DB9611F4 /* BatchOverviewView.swift */,
				2C7DB8D82BBBE63397EFD9A0 /* ContentView.swift */,
				BCAC09A78D074A3067C6D102 /* DataSourceMode.swift */,
				EBE39F3EFC86D76BA21DF86D /* DeviceAliasSheet.swift */,
				ED2468CD13769E17A4380CC4 /* FitViewApp.swift */,
				CD4C428207FFDEE0AA997974 /* FormatDate.swift */,
				0186D2D3F56A9BD9FAE96EDE /* LoadedBatch.swift */,
				F01D3A90F5A8F9132C718742 /* SessionCard.swift */,
				6B6562388640695EF7EF67C0 /* Import */,
				3A21FB5F2EF9AC7E1CF02D3C /* Resources */,
				684655C390F463E448BE5D40 /* SessionDetail */,
				5450F1C2D211F7028F72F290 /* Settings */,
			);
			name = FitView;
			path = Sources/FitView;
			sourceTree = "<group>";
		};
		D9EA7C92DF44EF8212995442 /* Products */ = {
			isa = PBXGroup;
			children = (
				57DDAB7210CFB9E361BE0D0C /* FitView-iOS.app */,
				CC65984041C307E9C026CCB5 /* FitView-macOS.app */,
				6ADE9C868F70851B4FE928CF /* FitViewShareExtension-iOS.appex */,
				A280F83CE634DD3430E75E32 /* FitViewShareExtension-macOS.appex */,
				48333B51754FF425528666D2 /* FitViewTests.xctest */,
			);
			name = Products;
			sourceTree = "<group>";
		};
		E293E2E0D859B34B94B888E6 /* FitView-iOS */ = {
			isa = PBXGroup;
			children = (
				3736C57073C2AF495A7D214B /* Assets.xcassets */,
				E1C8063E07F5506B1752D2A8 /* FitView.entitlements */,
				4F2BB1F8F0D3B0BC65CCB3D3 /* Info.plist */,
			);
			name = "FitView-iOS";
			path = "Sources/FitView-iOS";
			sourceTree = "<group>";
		};
		F30AF3289FD4FCF5A854ABC5 /* macOS */ = {
			isa = PBXGroup;
			children = (
				7307DB1EFFEAE4CB45B138D9 /* Info.plist */,
				5EA9E25D23AA7688456330C8 /* ShareExtension.entitlements */,
				D1A575BE2CC196DA43BD6D6E /* ShareViewController.swift */,
			);
			name = macOS;
			path = Sources/ShareExtension/macOS;
			sourceTree = "<group>";
		};
		F555DC876649314F8CB220ED /* iOS */ = {
			isa = PBXGroup;
			children = (
				6E8C62A64BDB36B547972409 /* Info.plist */,
				C5B9760BE34970E1C74C305F /* ShareExtension.entitlements */,
				C5D9CF7CA8098BBE6CBF566A /* ShareViewController.swift */,
			);
			name = iOS;
			path = Sources/ShareExtension/iOS;
			sourceTree = "<group>";
		};
		F67C87D0C2D47B1CC1AE668C /* Fixtures */ = {
			isa = PBXGroup;
			children = (
				D78E021871CD8BBE8029C71C /* AgreementFixtures.swift */,
			);
			path = Fixtures;
			sourceTree = "<group>";
		};
/* End PBXGroup section */

/* Begin PBXNativeTarget section */
		6B471912DE0FDF3E72BB33AF /* FitViewShareExtension-iOS */ = {
			isa = PBXNativeTarget;
			buildConfigurationList = 833BB656BAF6478FF786CFFD /* Build configuration list for PBXNativeTarget "FitViewShareExtension-iOS" */;
			buildPhases = (
				85879631B0CFA61D15BA97E0 /* Sources */,
				DD34FD76B2731137A5558241 /* Frameworks */,
			);
			buildRules = (
			);
			dependencies = (
			);
			name = "FitViewShareExtension-iOS";
			packageProductDependencies = (
				C53564CABEE0EF227C839435 /* FitViewCore */,
			);
			productName = "FitViewShareExtension-iOS";
			productReference = 6ADE9C868F70851B4FE928CF /* FitViewShareExtension-iOS.appex */;
			productType = "com.apple.product-type.app-extension";
		};
		AC7ED7F447DC2734CBFA509F /* FitView-iOS */ = {
			isa = PBXNativeTarget;
			buildConfigurationList = DF43DDDAA38AC032DEB5CF07 /* Build configuration list for PBXNativeTarget "FitView-iOS" */;
			buildPhases = (
				B577CFF9B822C1A5F1DAE166 /* Sources */,
				AE6EDD055FD6F4AC52BF21DA /* Resources */,
				13125332620C0FDA2F548171 /* Frameworks */,
				8BB06FD13A0D5FB3AD2763C6 /* Embed Foundation Extensions */,
			);
			buildRules = (
			);
			dependencies = (
				C938E09AF2BDAE0623218ED2 /* PBXTargetDependency */,
			);
			name = "FitView-iOS";
			packageProductDependencies = (
				02BED5B526334DACF65C5370 /* FitViewCore */,
			);
			productName = "FitView-iOS";
			productReference = 57DDAB7210CFB9E361BE0D0C /* FitView-iOS.app */;
			productType = "com.apple.product-type.application";
		};
		B3A5746AC17419436D81806D /* FitViewTests */ = {
			isa = PBXNativeTarget;
			buildConfigurationList = 45B804D78FEA2A5A184EA89B /* Build configuration list for PBXNativeTarget "FitViewTests" */;
			buildPhases = (
				52E25170095555D96E0C0A9A /* Sources */,
				042FF046012BB71E2E60FE26 /* Frameworks */,
			);
			buildRules = (
			);
			dependencies = (
				F17D9A7D5C932AC1EC316B91 /* PBXTargetDependency */,
			);
			name = FitViewTests;
			packageProductDependencies = (
				CFB3D07AEC5BA0FE49AC9D60 /* FitViewCore */,
			);
			productName = FitViewTests;
			productReference = 48333B51754FF425528666D2 /* FitViewTests.xctest */;
			productType = "com.apple.product-type.bundle.unit-test";
		};
		B456014F1837BF6670586880 /* FitViewShareExtension-macOS */ = {
			isa = PBXNativeTarget;
			buildConfigurationList = 97664F9A2771483E2168CA9A /* Build configuration list for PBXNativeTarget "FitViewShareExtension-macOS" */;
			buildPhases = (
				3177D17CAC466164CC255C44 /* Sources */,
				283F622D0D284305F715FFB7 /* Frameworks */,
			);
			buildRules = (
			);
			dependencies = (
			);
			name = "FitViewShareExtension-macOS";
			packageProductDependencies = (
				4F74B73EF88181791D1724CF /* FitViewCore */,
			);
			productName = "FitViewShareExtension-macOS";
			productReference = A280F83CE634DD3430E75E32 /* FitViewShareExtension-macOS.appex */;
			productType = "com.apple.product-type.app-extension";
		};
		EDAD7ED43F5769299B50F163 /* FitView-macOS */ = {
			isa = PBXNativeTarget;
			buildConfigurationList = A5F078FD0B44D11AAC60A9C9 /* Build configuration list for PBXNativeTarget "FitView-macOS" */;
			buildPhases = (
				1811BB97689CFE41F8CF4460 /* Sources */,
				331C71BA4F407492E6901D96 /* Resources */,
				E446F13FBFB6DE3722E8BBF0 /* Frameworks */,
				957F1A0D1EC8BCA7A4C00EE1 /* Embed Foundation Extensions */,
			);
			buildRules = (
			);
			dependencies = (
				737A0E9BD06E75943A124DE8 /* PBXTargetDependency */,
			);
			name = "FitView-macOS";
			packageProductDependencies = (
				66F0FBBB1428C87F899106CD /* FitViewCore */,
			);
			productName = "FitView-macOS";
			productReference = CC65984041C307E9C026CCB5 /* FitView-macOS.app */;
			productType = "com.apple.product-type.application";
		};
/* End PBXNativeTarget section */

/* Begin PBXProject section */
		F3D49D2D8A0602D53DD2B1A4 /* Project object */ = {
			isa = PBXProject;
			attributes = {
				BuildIndependentTargetsInParallel = YES;
				LastUpgradeCheck = 1430;
				TargetAttributes = {
					6B471912DE0FDF3E72BB33AF = {
						DevelopmentTeam = 4GP83563V4;
					};
					AC7ED7F447DC2734CBFA509F = {
						DevelopmentTeam = 4GP83563V4;
					};
				};
			};
			buildConfigurationList = 707D5E854DD1E1EA09606157 /* Build configuration list for PBXProject "FitView" */;
			developmentRegion = en;
			hasScannedForEncodings = 0;
			knownRegions = (
				Base,
				en,
			);
			mainGroup = 2BD2BAD089D5D03AD671E96B;
			minimizedProjectReferenceProxies = 1;
			packageReferences = (
				7EC9B36884F7F8FBC5157B91 /* XCLocalSwiftPackageReference "Packages/FitViewCore" */,
			);
			preferredProjectObjectVersion = 77;
			productRefGroup = D9EA7C92DF44EF8212995442 /* Products */;
			projectDirPath = "";
			projectRoot = "";
			targets = (
				AC7ED7F447DC2734CBFA509F /* FitView-iOS */,
				EDAD7ED43F5769299B50F163 /* FitView-macOS */,
				B3A5746AC17419436D81806D /* FitViewTests */,
				6B471912DE0FDF3E72BB33AF /* FitViewShareExtension-iOS */,
				B456014F1837BF6670586880 /* FitViewShareExtension-macOS */,
			);
		};
/* End PBXProject section */

/* Begin PBXResourcesBuildPhase section */
		331C71BA4F407492E6901D96 /* Resources */ = {
			isa = PBXResourcesBuildPhase;
			buildActionMask = 2147483647;
			files = (
				83152F8889A20271010FAB64 /* 2026-07-23_pace4_run.fit in Resources */,
				6E08F44166CB7A853C1A050B /* 2026-07-23_polarSense_run.FIT in Resources */,
				EA98FF81F56281D3858AA1D2 /* 2026-07-24_pace4_run.fit in Resources */,
				0A008DA3F50D885D7F5DDEDE /* 2026-07-24_polarSense_run.FIT in Resources */,
				9761BCAF646A10407625B9A4 /* 2026-07-25_pace4_run.fit in Resources */,
				09946B9BA6023FDD595C9C68 /* 2026-07-25_polarSense_run.FIT in Resources */,
				6E6CA6D0339946158DEB2489 /* 2026-07-26-pace4_run.fit in Resources */,
				A7FBF562058587256CA50650 /* 2026-07-26_polarSense_run.FIT in Resources */,
				C658980557AFB6F64E0411FB /* 2026-07-27_pace4_run.fit in Resources */,
				D43ECC1FC15D40A3152F7F3C /* 2026-07-27_polarSense_run.FIT in Resources */,
				11DB0904DA81C2499F8F503F /* 2026-07-28_pace4_run.fit in Resources */,
				3807329AA3EC621075742BE7 /* 2026-07-28_polarSense_run.FIT in Resources */,
				9F81584544442D3A7508F2FB /* 2026-07-30_pace4_run.fit in Resources */,
				09865599844A60EC062CF51A /* 2026-07-30_polarSense_run.FIT in Resources */,
				AB1BFCD43781FFAA8D8E6EB4 /* 2026-07-31_pace4_run.fit in Resources */,
				559CE02066E90B65987D20DB /* 2026-07-31_polarSense_run.FIT in Resources */,
				445FCC4EFFC038C68491C08E /* Assets.xcassets in Resources */,
			);
			runOnlyForDeploymentPostprocessing = 0;
		};
		AE6EDD055FD6F4AC52BF21DA /* Resources */ = {
			isa = PBXResourcesBuildPhase;
			buildActionMask = 2147483647;
			files = (
				FD3C7F7627D90F3836BA7AD1 /* 2026-07-23_pace4_run.fit in Resources */,
				01166A02C83230DF205DB8F5 /* 2026-07-23_polarSense_run.FIT in Resources */,
				1D932088F0238A111AC83708 /* 2026-07-24_pace4_run.fit in Resources */,
				273B60E9DCF26C3722494434 /* 2026-07-24_polarSense_run.FIT in Resources */,
				F474CDD69FDB4150D0224B48 /* 2026-07-25_pace4_run.fit in Resources */,
				3563CCD67ACB2B055D40223B /* 2026-07-25_polarSense_run.FIT in Resources */,
				F31F3F2CB73BBFAFF2A9AE55 /* 2026-07-26-pace4_run.fit in Resources */,
				4CF26FE326797757D63DD0F3 /* 2026-07-26_polarSense_run.FIT in Resources */,
				405F11FD2F7E57F0B64AB11B /* 2026-07-27_pace4_run.fit in Resources */,
				3E821CFF140F073D8DF0C4E9 /* 2026-07-27_polarSense_run.FIT in Resources */,
				45129BCB92C9A3C55FE43268 /* 2026-07-28_pace4_run.fit in Resources */,
				ED5B67C85C8AB012B37D2057 /* 2026-07-28_polarSense_run.FIT in Resources */,
				36AE9B8A5AA9116E3503C165 /* 2026-07-30_pace4_run.fit in Resources */,
				CF3524DAF2910A17C4470C6E /* 2026-07-30_polarSense_run.FIT in Resources */,
				8842D31520F5F04832AB6572 /* 2026-07-31_pace4_run.fit in Resources */,
				CFDE1697CF46BF114FBACE2F /* 2026-07-31_polarSense_run.FIT in Resources */,
				EE6B9DEB3878E208CDDA405E /* Assets.xcassets in Resources */,
			);
			runOnlyForDeploymentPostprocessing = 0;
		};
/* End PBXResourcesBuildPhase section */

/* Begin PBXSourcesBuildPhase section */
		1811BB97689CFE41F8CF4460 /* Sources */ = {
			isa = PBXSourcesBuildPhase;
			buildActionMask = 2147483647;
			files = (
				3EE4FC8396C43516EBF7617A /* AgreementLevel+Color.swift in Sources */,
				BD18EA2C6A70E6774E873426 /* AgreementPlotsSection.swift in Sources */,
				764F8BE8121F9006DA92C284 /* AppModel.swift in Sources */,
				C47CF6A546C34288B2AB2B32 /* BatchAssembler.swift in Sources */,
				751D5200DADA3B4ECEBA84F1 /* BatchBuilder.swift in Sources */,
				68A6087A7AC90542E34BE5B4 /* BatchOverviewCardList.swift in Sources */,
				9249383166C563E968195CCB /* BatchOverviewModel.swift in Sources */,
				FCB698B3D32662E9BE4879E1 /* BatchOverviewView.swift in Sources */,
				2269E96CD89FD2238A30CC05 /* BlandAltmanChart.swift in Sources */,
				70AD62F62EF0A54F8F045244 /* BundledSampleSource.swift in Sources */,
				20F279A4B2501111EF5A0236 /* ConcordanceChart.swift in Sources */,
				E373120611EA55B09D26D0CC /* ContentView.swift in Sources */,
				1B46BE2E80E4F96F91860EC5 /* CorosSource.swift in Sources */,
				B72642973C4E339719616C40 /* DataSourceMode.swift in Sources */,
				2CFDED03C1F3B48A5BC39455 /* DeviceAliasSheet.swift in Sources */,
				3E62303B5B98A868789A154F /* ExplainerButton.swift in Sources */,
				296D84F5D89039E64F0E2778 /* FileImportSource.swift in Sources */,
				585064A31DA61E4C33BC37AB /* FitViewApp.swift in Sources */,
				3F49BDB9B60191D1AF63DB45 /* FormatDate.swift in Sources */,
				5BBE147AD15661E578157068 /* FullScreenHeartRateChartView.swift in Sources */,
				890119FC5897EF9F080D7C9B /* FullScreenPlotView.swift in Sources */,
				C39E4CC614CE263058FCE5CA /* HeartRateComparisonChart.swift in Sources */,
				D5B2A1E978F25A298A3A6FDD /* ImportSheet.swift in Sources */,
				1940804DC0D62B0FEF3F4C34 /* LoadedBatch.swift in Sources */,
				8C78358582DE01AD0A2B530B /* MetricExplainerView.swift in Sources */,
				2EECF90FC75AEDDA6FE8FED2 /* PolarAPIClient.swift in Sources */,
				0A476D14854D15AD7C1DCBC5 /* PolarAccessLinkSource.swift in Sources */,
				836D7136437E6E68D2403AFE /* PolarConfiguration.swift in Sources */,
				F0C0D394D3A6B1AFDE689803 /* SessionCard.swift in Sources */,
				1C9B3FCB9E977F1F448B04EC /* SessionDetailModel.swift in Sources */,
				0F94CD109B3B7CE55CF4308D /* SessionDetailPreviewFixture.swift in Sources */,
				137A9895FF49A1E5907F70C2 /* SessionDetailView.swift in Sources */,
				C8E66D6AF8F4696B2E1B4CC2 /* SettingsView.swift in Sources */,
				C6E63CF4FEB692F16924FD15 /* StatTile.swift in Sources */,
				FD6ED1B74D8F570F59531856 /* TokenStore.swift in Sources */,
			);
			runOnlyForDeploymentPostprocessing = 0;
		};
		3177D17CAC466164CC255C44 /* Sources */ = {
			isa = PBXSourcesBuildPhase;
			buildActionMask = 2147483647;
			files = (
				54AAD6688D91BD6A67272DFE /* ShareEditView.swift in Sources */,
				9D480D73639EDCCE60A52ADD /* ShareImportViewModel.swift in Sources */,
				C631C5637FCAF9568A8DED63 /* ShareViewController.swift in Sources */,
			);
			runOnlyForDeploymentPostprocessing = 0;
		};
		52E25170095555D96E0C0A9A /* Sources */ = {
			isa = PBXSourcesBuildPhase;
			buildActionMask = 2147483647;
			files = (
				9BD5E38635F11D4B18D78FED /* AgreementFixtures.swift in Sources */,
				1CCE9ED2849DA45FF315D8EC /* BatchOverviewModelTests.swift in Sources */,
			);
			runOnlyForDeploymentPostprocessing = 0;
		};
		85879631B0CFA61D15BA97E0 /* Sources */ = {
			isa = PBXSourcesBuildPhase;
			buildActionMask = 2147483647;
			files = (
				34444929FDD7EDC5D8CFED4C /* ShareEditView.swift in Sources */,
				70A653DD82FD317863AEA376 /* ShareImportViewModel.swift in Sources */,
				97E86A2BA796E72967987FBB /* ShareViewController.swift in Sources */,
			);
			runOnlyForDeploymentPostprocessing = 0;
		};
		B577CFF9B822C1A5F1DAE166 /* Sources */ = {
			isa = PBXSourcesBuildPhase;
			buildActionMask = 2147483647;
			files = (
				072F3611544817D7C56543A6 /* AgreementLevel+Color.swift in Sources */,
				2419951B6DBFE75D2753CA2F /* AgreementPlotsSection.swift in Sources */,
				4113F34F3495515C53DDCCB1 /* AppModel.swift in Sources */,
				49FD8667441194A81685CA37 /* BatchAssembler.swift in Sources */,
				7FBF08D8B7D1B4BA410F7FA2 /* BatchBuilder.swift in Sources */,
				1E82A75502DB49DF74F667B9 /* BatchOverviewCardList.swift in Sources */,
				54C2DEF0F8084552B2574F8C /* BatchOverviewModel.swift in Sources */,
				C6D3F17A8E011AEC1F8B5379 /* BatchOverviewView.swift in Sources */,
				6730E6F735AF5D1E3AF24C1A /* BlandAltmanChart.swift in Sources */,
				B491BA30C03CD4668AF3F860 /* BundledSampleSource.swift in Sources */,
				E05D7021A34FC7C09953A6AE /* ConcordanceChart.swift in Sources */,
				13C80720C1C8782BB6D9C66B /* ContentView.swift in Sources */,
				ED9D1936891C99D733E7F3E2 /* CorosSource.swift in Sources */,
				C01325CDEE8B6A8582EFBDBF /* DataSourceMode.swift in Sources */,
				4B5E0522DB6E69CFBDD34ED9 /* DeviceAliasSheet.swift in Sources */,
				9F8D466B9B0AD9196446AE9C /* ExplainerButton.swift in Sources */,
				13956237C4ADF5BC0D8AFEC8 /* FileImportSource.swift in Sources */,
				85FCB01158F1C8E341F647F4 /* FitViewApp.swift in Sources */,
				8BDF78E3D4E86399641ACB4C /* FormatDate.swift in Sources */,
				D21F8A98CBB5D6839B609C0B /* FullScreenHeartRateChartView.swift in Sources */,
				8B029EA6A120F656D2FFB8AE /* FullScreenPlotView.swift in Sources */,
				24CE8E96A5169EE1C05EE225 /* HeartRateComparisonChart.swift in Sources */,
				EBCA0FCE10634AA18BC023A2 /* ImportSheet.swift in Sources */,
				E956B9EC76A38C05A66BEA57 /* LoadedBatch.swift in Sources */,
				FDED20FBD9D81CAAFC3F273E /* MetricExplainerView.swift in Sources */,
				F69346F16A49347A9AC1A02A /* PolarAPIClient.swift in Sources */,
				A11E7DB613738CD62AE0234E /* PolarAccessLinkSource.swift in Sources */,
				6B70A1571DE203879E45249D /* PolarConfiguration.swift in Sources */,
				E4BF62537462DB10181D83DD /* SessionCard.swift in Sources */,
				F22B5026FAAEA78CE5D88517 /* SessionDetailModel.swift in Sources */,
				BC218D82609504468CC5AB15 /* SessionDetailPreviewFixture.swift in Sources */,
				B9E08C504D9CBCC1EE4E26F7 /* SessionDetailView.swift in Sources */,
				90FA6E52F152682B2DEE52E9 /* SettingsView.swift in Sources */,
				014F5A79ACF9EFEB6D776891 /* StatTile.swift in Sources */,
				E6873DF465A51F235279B07D /* TokenStore.swift in Sources */,
			);
			runOnlyForDeploymentPostprocessing = 0;
		};
/* End PBXSourcesBuildPhase section */

/* Begin PBXTargetDependency section */
		737A0E9BD06E75943A124DE8 /* PBXTargetDependency */ = {
			isa = PBXTargetDependency;
			target = B456014F1837BF6670586880 /* FitViewShareExtension-macOS */;
			targetProxy = 9B4BBD4EA1075E053ECAE107 /* PBXContainerItemProxy */;
		};
		C938E09AF2BDAE0623218ED2 /* PBXTargetDependency */ = {
			isa = PBXTargetDependency;
			target = 6B471912DE0FDF3E72BB33AF /* FitViewShareExtension-iOS */;
			targetProxy = F47AE2D938D8086C2B8D6AF1 /* PBXContainerItemProxy */;
		};
		F17D9A7D5C932AC1EC316B91 /* PBXTargetDependency */ = {
			isa = PBXTargetDependency;
			target = EDAD7ED43F5769299B50F163 /* FitView-macOS */;
			targetProxy = 2B5227CDE8DE521E328C0BC6 /* PBXContainerItemProxy */;
		};
/* End PBXTargetDependency section */

/* Begin XCBuildConfiguration section */
		20A195CB0B655D4E3B648D9B /* Release */ = {
			isa = XCBuildConfiguration;
			buildSettings = {
				ASSETCATALOG_COMPILER_APPICON_NAME = AppIcon;
				CODE_SIGN_ENTITLEMENTS = "Sources/FitView-iOS/FitView.entitlements";
				CODE_SIGN_IDENTITY = "iPhone Developer";
				DEVELOPMENT_TEAM = 4GP83563V4;
				INFOPLIST_FILE = "Sources/FitView-iOS/Info.plist";
				IPHONEOS_DEPLOYMENT_TARGET = 17.0;
				LD_RUNPATH_SEARCH_PATHS = (
					"$(inherited)",
					"@executable_path/Frameworks",
				);
				PRODUCT_BUNDLE_IDENTIFIER = com.fitview.app;
				PRODUCT_NAME = FitView;
				SDKROOT = iphoneos;
				TARGETED_DEVICE_FAMILY = "1,2";
			};
			name = Release;
		};
		465DAFE5C5F0C48C99F4D30F /* Debug */ = {
			isa = XCBuildConfiguration;
			baseConfigurationReference = 54B398142104968E231BDF7E /* Config.xcconfig */;
			buildSettings = {
				ALWAYS_SEARCH_USER_PATHS = NO;
				ASSETCATALOG_COMPILER_APPICON_NAME = AppIcon;
				ASSETCATALOG_COMPILER_GLOBAL_ACCENT_COLOR_NAME = AccentColor;
				CLANG_ANALYZER_NONNULL = YES;
				CLANG_ANALYZER_NUMBER_OBJECT_CONVERSION = YES_AGGRESSIVE;
				CLANG_CXX_LANGUAGE_STANDARD = "gnu++14";
				CLANG_CXX_LIBRARY = "libc++";
				CLANG_ENABLE_MODULES = YES;
				CLANG_ENABLE_OBJC_ARC = YES;
				CLANG_ENABLE_OBJC_WEAK = YES;
				CLANG_WARN_BLOCK_CAPTURE_AUTORELEASING = YES;
				CLANG_WARN_BOOL_CONVERSION = YES;
				CLANG_WARN_COMMA = YES;
				CLANG_WARN_CONSTANT_CONVERSION = YES;
				CLANG_WARN_DEPRECATED_OBJC_IMPLEMENTATIONS = YES;
				CLANG_WARN_DIRECT_OBJC_ISA_USAGE = YES_ERROR;
				CLANG_WARN_DOCUMENTATION_COMMENTS = YES;
				CLANG_WARN_EMPTY_BODY = YES;
				CLANG_WARN_ENUM_CONVERSION = YES;
				CLANG_WARN_INFINITE_RECURSION = YES;
				CLANG_WARN_INT_CONVERSION = YES;
				CLANG_WARN_NON_LITERAL_NULL_CONVERSION = YES;
				CLANG_WARN_OBJC_IMPLICIT_RETAIN_SELF = YES;
				CLANG_WARN_OBJC_LITERAL_CONVERSION = YES;
				CLANG_WARN_OBJC_ROOT_CLASS = YES_ERROR;
				CLANG_WARN_QUOTED_INCLUDE_IN_FRAMEWORK_HEADER = YES;
				CLANG_WARN_RANGE_LOOP_ANALYSIS = YES;
				CLANG_WARN_STRICT_PROTOTYPES = YES;
				CLANG_WARN_SUSPICIOUS_MOVE = YES;
				CLANG_WARN_UNGUARDED_AVAILABILITY = YES_AGGRESSIVE;
				CLANG_WARN_UNREACHABLE_CODE = YES;
				CLANG_WARN__DUPLICATE_METHOD_MATCH = YES;
				COPY_PHASE_STRIP = NO;
				CURRENT_PROJECT_VERSION = 1;
				DEBUG_INFORMATION_FORMAT = dwarf;
				ENABLE_STRICT_OBJC_MSGSEND = YES;
				ENABLE_TESTABILITY = YES;
				GCC_C_LANGUAGE_STANDARD = gnu11;
				GCC_DYNAMIC_NO_PIC = NO;
				GCC_NO_COMMON_BLOCKS = YES;
				GCC_OPTIMIZATION_LEVEL = 0;
				GCC_PREPROCESSOR_DEFINITIONS = (
					"$(inherited)",
					"DEBUG=1",
				);
				GCC_WARN_64_TO_32_BIT_CONVERSION = YES;
				GCC_WARN_ABOUT_RETURN_TYPE = YES_ERROR;
				GCC_WARN_UNDECLARED_SELECTOR = YES;
				GCC_WARN_UNINITIALIZED_AUTOS = YES_AGGRESSIVE;
				GCC_WARN_UNUSED_FUNCTION = YES;
				GCC_WARN_UNUSED_VARIABLE = YES;
				IPHONEOS_DEPLOYMENT_TARGET = 17.0;
				MACOSX_DEPLOYMENT_TARGET = 14.0;
				MARKETING_VERSION = 1.0;
				MTL_ENABLE_DEBUG_INFO = INCLUDE_SOURCE;
				MTL_FAST_MATH = YES;
				ONLY_ACTIVE_ARCH = YES;
				PRODUCT_NAME = "$(TARGET_NAME)";
				SWIFT_ACTIVE_COMPILATION_CONDITIONS = DEBUG;
				SWIFT_OPTIMIZATION_LEVEL = "-Onone";
				SWIFT_VERSION = 5.0;
			};
			name = Debug;
		};
		5A6AABC2CDA76A0315A520E7 /* Release */ = {
			isa = XCBuildConfiguration;
			baseConfigurationReference = 54B398142104968E231BDF7E /* Config.xcconfig */;
			buildSettings = {
				ALWAYS_SEARCH_USER_PATHS = NO;
				ASSETCATALOG_COMPILER_APPICON_NAME = AppIcon;
				ASSETCATALOG_COMPILER_GLOBAL_ACCENT_COLOR_NAME = AccentColor;
				CLANG_ANALYZER_NONNULL = YES;
				CLANG_ANALYZER_NUMBER_OBJECT_CONVERSION = YES_AGGRESSIVE;
				CLANG_CXX_LANGUAGE_STANDARD = "gnu++14";
				CLANG_CXX_LIBRARY = "libc++";
				CLANG_ENABLE_MODULES = YES;
				CLANG_ENABLE_OBJC_ARC = YES;
				CLANG_ENABLE_OBJC_WEAK = YES;
				CLANG_WARN_BLOCK_CAPTURE_AUTORELEASING = YES;
				CLANG_WARN_BOOL_CONVERSION = YES;
				CLANG_WARN_COMMA = YES;
				CLANG_WARN_CONSTANT_CONVERSION = YES;
				CLANG_WARN_DEPRECATED_OBJC_IMPLEMENTATIONS = YES;
				CLANG_WARN_DIRECT_OBJC_ISA_USAGE = YES_ERROR;
				CLANG_WARN_DOCUMENTATION_COMMENTS = YES;
				CLANG_WARN_EMPTY_BODY = YES;
				CLANG_WARN_ENUM_CONVERSION = YES;
				CLANG_WARN_INFINITE_RECURSION = YES;
				CLANG_WARN_INT_CONVERSION = YES;
				CLANG_WARN_NON_LITERAL_NULL_CONVERSION = YES;
				CLANG_WARN_OBJC_IMPLICIT_RETAIN_SELF = YES;
				CLANG_WARN_OBJC_LITERAL_CONVERSION = YES;
				CLANG_WARN_OBJC_ROOT_CLASS = YES_ERROR;
				CLANG_WARN_QUOTED_INCLUDE_IN_FRAMEWORK_HEADER = YES;
				CLANG_WARN_RANGE_LOOP_ANALYSIS = YES;
				CLANG_WARN_STRICT_PROTOTYPES = YES;
				CLANG_WARN_SUSPICIOUS_MOVE = YES;
				CLANG_WARN_UNGUARDED_AVAILABILITY = YES_AGGRESSIVE;
				CLANG_WARN_UNREACHABLE_CODE = YES;
				CLANG_WARN__DUPLICATE_METHOD_MATCH = YES;
				COPY_PHASE_STRIP = NO;
				CURRENT_PROJECT_VERSION = 1;
				DEBUG_INFORMATION_FORMAT = "dwarf-with-dsym";
				ENABLE_NS_ASSERTIONS = NO;
				ENABLE_STRICT_OBJC_MSGSEND = YES;
				GCC_C_LANGUAGE_STANDARD = gnu11;
				GCC_NO_COMMON_BLOCKS = YES;
				GCC_WARN_64_TO_32_BIT_CONVERSION = YES;
				GCC_WARN_ABOUT_RETURN_TYPE = YES_ERROR;
				GCC_WARN_UNDECLARED_SELECTOR = YES;
				GCC_WARN_UNINITIALIZED_AUTOS = YES_AGGRESSIVE;
				GCC_WARN_UNUSED_FUNCTION = YES;
				GCC_WARN_UNUSED_VARIABLE = YES;
				IPHONEOS_DEPLOYMENT_TARGET = 17.0;
				MACOSX_DEPLOYMENT_TARGET = 14.0;
				MARKETING_VERSION = 1.0;
				MTL_ENABLE_DEBUG_INFO = NO;
				MTL_FAST_MATH = YES;
				PRODUCT_NAME = "$(TARGET_NAME)";
				SWIFT_COMPILATION_MODE = wholemodule;
				SWIFT_OPTIMIZATION_LEVEL = "-O";
				SWIFT_VERSION = 5.0;
			};
			name = Release;
		};
		65D9C1546D2B4E8F2372341D /* Release */ = {
			isa = XCBuildConfiguration;
			buildSettings = {
				ASSETCATALOG_COMPILER_APPICON_NAME = AppIcon;
				CODE_SIGN_ENTITLEMENTS = "Sources/FitView-macOS/FitView.entitlements";
				COMBINE_HIDPI_IMAGES = YES;
				ENABLE_HARDENED_RUNTIME = YES;
				INFOPLIST_FILE = "Sources/FitView-macOS/Info.plist";
				LD_RUNPATH_SEARCH_PATHS = (
					"$(inherited)",
					"@executable_path/../Frameworks",
				);
				MACOSX_DEPLOYMENT_TARGET = 14.0;
				PRODUCT_BUNDLE_IDENTIFIER = com.fitview.app.mac;
				PRODUCT_NAME = FitView;
				SDKROOT = macosx;
			};
			name = Release;
		};
		6FCB73A3295F44AFA7B9AF70 /* Release */ = {
			isa = XCBuildConfiguration;
			buildSettings = {
				CODE_SIGN_ENTITLEMENTS = Sources/ShareExtension/macOS/ShareExtension.entitlements;
				COMBINE_HIDPI_IMAGES = YES;
				ENABLE_HARDENED_RUNTIME = YES;
				INFOPLIST_FILE = Sources/ShareExtension/macOS/Info.plist;
				LD_RUNPATH_SEARCH_PATHS = (
					"$(inherited)",
					"@executable_path/../Frameworks",
					"@executable_path/../../../../Frameworks",
				);
				MACOSX_DEPLOYMENT_TARGET = 14.0;
				PRODUCT_BUNDLE_IDENTIFIER = com.fitview.app.mac.share;
				PRODUCT_NAME = FitViewShare;
				SDKROOT = macosx;
			};
			name = Release;
		};
		8A34B3DAFEDD64037FAF3F41 /* Debug */ = {
			isa = XCBuildConfiguration;
			buildSettings = {
				CODE_SIGN_ENTITLEMENTS = Sources/ShareExtension/macOS/ShareExtension.entitlements;
				COMBINE_HIDPI_IMAGES = YES;
				ENABLE_HARDENED_RUNTIME = YES;
				INFOPLIST_FILE = Sources/ShareExtension/macOS/Info.plist;
				LD_RUNPATH_SEARCH_PATHS = (
					"$(inherited)",
					"@executable_path/../Frameworks",
					"@executable_path/../../../../Frameworks",
				);
				MACOSX_DEPLOYMENT_TARGET = 14.0;
				PRODUCT_BUNDLE_IDENTIFIER = com.fitview.app.mac.share;
				PRODUCT_NAME = FitViewShare;
				SDKROOT = macosx;
			};
			name = Debug;
		};
		A9B9885A3E4371B2839B77B3 /* Release */ = {
			isa = XCBuildConfiguration;
			buildSettings = {
				CODE_SIGN_ENTITLEMENTS = Sources/ShareExtension/iOS/ShareExtension.entitlements;
				DEVELOPMENT_TEAM = 4GP83563V4;
				INFOPLIST_FILE = Sources/ShareExtension/iOS/Info.plist;
				IPHONEOS_DEPLOYMENT_TARGET = 17.0;
				LD_RUNPATH_SEARCH_PATHS = (
					"$(inherited)",
					"@executable_path/Frameworks",
					"@executable_path/../../Frameworks",
				);
				PRODUCT_BUNDLE_IDENTIFIER = com.fitview.app.share;
				PRODUCT_NAME = FitViewShare;
				SDKROOT = iphoneos;
				TARGETED_DEVICE_FAMILY = "1,2";
			};
			name = Release;
		};
		D3C25B32E5BB63C597B050AF /* Debug */ = {
			isa = XCBuildConfiguration;
			buildSettings = {
				ASSETCATALOG_COMPILER_APPICON_NAME = AppIcon;
				CODE_SIGN_ENTITLEMENTS = "Sources/FitView-iOS/FitView.entitlements";
				CODE_SIGN_IDENTITY = "iPhone Developer";
				DEVELOPMENT_TEAM = 4GP83563V4;
				INFOPLIST_FILE = "Sources/FitView-iOS/Info.plist";
				IPHONEOS_DEPLOYMENT_TARGET = 17.0;
				LD_RUNPATH_SEARCH_PATHS = (
					"$(inherited)",
					"@executable_path/Frameworks",
				);
				PRODUCT_BUNDLE_IDENTIFIER = com.fitview.app;
				PRODUCT_NAME = FitView;
				SDKROOT = iphoneos;
				TARGETED_DEVICE_FAMILY = "1,2";
			};
			name = Debug;
		};
		E1445BFA5D81A4F83825A965 /* Debug */ = {
			isa = XCBuildConfiguration;
			buildSettings = {
				CODE_SIGN_ENTITLEMENTS = Sources/ShareExtension/iOS/ShareExtension.entitlements;
				DEVELOPMENT_TEAM = 4GP83563V4;
				INFOPLIST_FILE = Sources/ShareExtension/iOS/Info.plist;
				IPHONEOS_DEPLOYMENT_TARGET = 17.0;
				LD_RUNPATH_SEARCH_PATHS = (
					"$(inherited)",
					"@executable_path/Frameworks",
					"@executable_path/../../Frameworks",
				);
				PRODUCT_BUNDLE_IDENTIFIER = com.fitview.app.share;
				PRODUCT_NAME = FitViewShare;
				SDKROOT = iphoneos;
				TARGETED_DEVICE_FAMILY = "1,2";
			};
			name = Debug;
		};
		E369FDF6013E948AF33DAEAA /* Debug */ = {
			isa = XCBuildConfiguration;
			buildSettings = {
				BUNDLE_LOADER = "$(TEST_HOST)";
				COMBINE_HIDPI_IMAGES = YES;
				GENERATE_INFOPLIST_FILE = YES;
				LD_RUNPATH_SEARCH_PATHS = (
					"$(inherited)",
					"@executable_path/../Frameworks",
					"@loader_path/../Frameworks",
				);
				MACOSX_DEPLOYMENT_TARGET = 14.0;
				PRODUCT_BUNDLE_IDENTIFIER = com.fitview.FitViewTests;
				SDKROOT = macosx;
				TEST_HOST = "$(BUILT_PRODUCTS_DIR)/FitView.app/Contents/MacOS/FitView";
			};
			name = Debug;
		};
		E3E7ACA416C59C1ECA52D655 /* Release */ = {
			isa = XCBuildConfiguration;
			buildSettings = {
				BUNDLE_LOADER = "$(TEST_HOST)";
				COMBINE_HIDPI_IMAGES = YES;
				GENERATE_INFOPLIST_FILE = YES;
				LD_RUNPATH_SEARCH_PATHS = (
					"$(inherited)",
					"@executable_path/../Frameworks",
					"@loader_path/../Frameworks",
				);
				MACOSX_DEPLOYMENT_TARGET = 14.0;
				PRODUCT_BUNDLE_IDENTIFIER = com.fitview.FitViewTests;
				SDKROOT = macosx;
				TEST_HOST = "$(BUILT_PRODUCTS_DIR)/FitView.app/Contents/MacOS/FitView";
			};
			name = Release;
		};
		E4589310915C6963A2AF2403 /* Debug */ = {
			isa = XCBuildConfiguration;
			buildSettings = {
				ASSETCATALOG_COMPILER_APPICON_NAME = AppIcon;
				CODE_SIGN_ENTITLEMENTS = "Sources/FitView-macOS/FitView.entitlements";
				COMBINE_HIDPI_IMAGES = YES;
				ENABLE_HARDENED_RUNTIME = YES;
				INFOPLIST_FILE = "Sources/FitView-macOS/Info.plist";
				LD_RUNPATH_SEARCH_PATHS = (
					"$(inherited)",
					"@executable_path/../Frameworks",
				);
				MACOSX_DEPLOYMENT_TARGET = 14.0;
				PRODUCT_BUNDLE_IDENTIFIER = com.fitview.app.mac;
				PRODUCT_NAME = FitView;
				SDKROOT = macosx;
			};
			name = Debug;
		};
/* End XCBuildConfiguration section */

/* Begin XCConfigurationList section */
		45B804D78FEA2A5A184EA89B /* Build configuration list for PBXNativeTarget "FitViewTests" */ = {
			isa = XCConfigurationList;
			buildConfigurations = (
				E369FDF6013E948AF33DAEAA /* Debug */,
				E3E7ACA416C59C1ECA52D655 /* Release */,
			);
			defaultConfigurationIsVisible = 0;
			defaultConfigurationName = Debug;
		};
		707D5E854DD1E1EA09606157 /* Build configuration list for PBXProject "FitView" */ = {
			isa = XCConfigurationList;
			buildConfigurations = (
				465DAFE5C5F0C48C99F4D30F /* Debug */,
				5A6AABC2CDA76A0315A520E7 /* Release */,
			);
			defaultConfigurationIsVisible = 0;
			defaultConfigurationName = Debug;
		};
		833BB656BAF6478FF786CFFD /* Build configuration list for PBXNativeTarget "FitViewShareExtension-iOS" */ = {
			isa = XCConfigurationList;
			buildConfigurations = (
				E1445BFA5D81A4F83825A965 /* Debug */,
				A9B9885A3E4371B2839B77B3 /* Release */,
			);
			defaultConfigurationIsVisible = 0;
			defaultConfigurationName = Debug;
		};
		97664F9A2771483E2168CA9A /* Build configuration list for PBXNativeTarget "FitViewShareExtension-macOS" */ = {
			isa = XCConfigurationList;
			buildConfigurations = (
				8A34B3DAFEDD64037FAF3F41 /* Debug */,
				6FCB73A3295F44AFA7B9AF70 /* Release */,
			);
			defaultConfigurationIsVisible = 0;
			defaultConfigurationName = Debug;
		};
		A5F078FD0B44D11AAC60A9C9 /* Build configuration list for PBXNativeTarget "FitView-macOS" */ = {
			isa = XCConfigurationList;
			buildConfigurations = (
				E4589310915C6963A2AF2403 /* Debug */,
				65D9C1546D2B4E8F2372341D /* Release */,
			);
			defaultConfigurationIsVisible = 0;
			defaultConfigurationName = Debug;
		};
		DF43DDDAA38AC032DEB5CF07 /* Build configuration list for PBXNativeTarget "FitView-iOS" */ = {
			isa = XCConfigurationList;
			buildConfigurations = (
				D3C25B32E5BB63C597B050AF /* Debug */,
				20A195CB0B655D4E3B648D9B /* Release */,
			);
			defaultConfigurationIsVisible = 0;
			defaultConfigurationName = Debug;
		};
/* End XCConfigurationList section */

/* Begin XCLocalSwiftPackageReference section */
		7EC9B36884F7F8FBC5157B91 /* XCLocalSwiftPackageReference "Packages/FitViewCore" */ = {
			isa = XCLocalSwiftPackageReference;
			relativePath = Packages/FitViewCore;
		};
/* End XCLocalSwiftPackageReference section */

/* Begin XCSwiftPackageProductDependency section */
		02BED5B526334DACF65C5370 /* FitViewCore */ = {
			isa = XCSwiftPackageProductDependency;
			productName = FitViewCore;
		};
		4F74B73EF88181791D1724CF /* FitViewCore */ = {
			isa = XCSwiftPackageProductDependency;
			productName = FitViewCore;
		};
		66F0FBBB1428C87F899106CD /* FitViewCore */ = {
			isa = XCSwiftPackageProductDependency;
			productName = FitViewCore;
		};
		C53564CABEE0EF227C839435 /* FitViewCore */ = {
			isa = XCSwiftPackageProductDependency;
			productName = FitViewCore;
		};
		CFB3D07AEC5BA0FE49AC9D60 /* FitViewCore */ = {
			isa = XCSwiftPackageProductDependency;
			productName = FitViewCore;
		};
/* End XCSwiftPackageProductDependency section */
	};
	rootObject = F3D49D2D8A0602D53DD2B1A4 /* Project object */;
}
